// !$*UTF8*$!
{
	archiveVersion = 1;
	classes = {
	};
	objectVersion = 77;
	objects = {

/* Begin PBXBuildFile section */
		29B1EB600F91411D290F568C /* ContentView.swift in Sources */ = {isa = PBXBuildFile; fileRef = C839DD53AB05B6AB7BBAA313 /* ContentView.swift */; };
		2F5B3BD62EF41BAB43099B36 /* HoyApp.swift in Sources */ = {isa = PBXBuildFile; fileRef = 17C0F9A0B4EF7F1111507DB7 /* HoyApp.swift */; };
		9F68F119C61BD6AB6A62570E /* HoyWatchApp.swift in Sources */ = {isa = PBXBuildFile; fileRef = 6AE1A421D83B764237949C68 /* HoyWatchApp.swift */; };
		A0F80D637E02CA08564D7E21 /* HoyWatch.app in Embed Watch Content */ = {isa = PBXBuildFile; fileRef = 6E6BCD715C5C58EE2EF2BCA4 /* HoyWatch.app */; settings = {ATTRIBUTES = (RemoveHeadersOnCopy, ); }; };
		B84BB78ADFD3BAFCA8DF66F6 /* ContentView.swift in Sources */ = {isa = PBXBuildFile; fileRef = C839DD53AB05B6AB7BBAA313 /* ContentView.swift */; };
		D17A1E13076A4DC79438F001 /* TodayView.swift in Sources */ = {isa = PBXBuildFile; fileRef = C12AEE3A847C474E9AC9D102 /* TodayView.swift */; };
		E11D2F40AD9048A9B920B877 /* WatchTodayView.swift in Sources */ = {isa = PBXBuildFile; fileRef = E4C3319456014B2FA99D1122 /* WatchTodayView.swift */; };
/* End PBXBuildFile section */

/* Begin PBXContainerItemProxy section */
		724811EF675FCA4260CF6E5B /* PBXContainerItemProxy */ = {
			isa = PBXContainerItemProxy;
			containerPortal = 55D10CFBE2E4EF1D33C4D5E5 /* Project object */;
			proxyType = 1;
			remoteGlobalIDString = 5DEAE53AE9B4A5EEA0321CF6;
			remoteInfo = HoyWatch;
		};
/* End PBXContainerItemProxy section */

/* Begin PBXCopyFilesBuildPhase section */
		DB00078AAF07D3F512408707 /* Embed Watch Content */ = {
			isa = PBXCopyFilesBuildPhase;
			buildActionMask = 2147483647;
			dstPath = "$(CONTENTS_FOLDER_PATH)/Watch";
			dstSubfolderSpec = 16;
			files = (
				A0F80D637E02CA08564D7E21 /* HoyWatch.app in Embed Watch Content */,
			);
			name = "Embed Watch Content";
			runOnlyForDeploymentPostprocessing = 0;
		};
/* End PBXCopyFilesBuildPhase section */

/* Begin PBXFileReference section */
		17C0F9A0B4EF7F1111507DB7 /* HoyApp.swift */ = {isa = PBXFileReference; lastKnownFileType = sourcecode.swift; path = HoyApp.swift; sourceTree = "<group>"; };
		6AE1A421D83B764237949C68 /* HoyWatchApp.swift */ = {isa = PBXFileReference; lastKnownFileType = sourcecode.swift; path = HoyWatchApp.swift; sourceTree = "<group>"; };
		6E6BCD715C5C58EE2EF2BCA4 /* HoyWatch.app */ = {isa = PBXFileReference; explicitFileType = wrapper.application; includeInIndex = 0; path = HoyWatch.app; sourceTree = BUILT_PRODUCTS_DIR; };
		9516BEC9168D8D67EE12987D /* Hoy.app */ = {isa = PBXFileReference; includeInIndex = 0; lastKnownFileType = wrapper.application; path = Hoy.app; sourceTree = BUILT_PRODUCTS_DIR; };
		C839DD53AB05B6AB7BBAA313 /* ContentView.swift */ = {isa = PBXFileReference; lastKnownFileType = sourcecode.swift; path = ContentView.swift; sourceTree = "<group>"; };
		C12AEE3A847C474E9AC9D102 /* TodayView.swift */ = {isa = PBXFileReference; lastKnownFileType = sourcecode.swift; path = TodayView.swift; sourceTree = "<group>"; };
		E4C3319456014B2FA99D1122 /* WatchTodayView.swift */ = {isa = PBXFileReference; lastKnownFileType = sourcecode.swift; path = WatchTodayView.swift; sourceTree = "<group>"; };
/* End PBXFileReference section */

/* Begin PBXGroup section */
		5B126E461C1C201ECB318432 /* Products */ = {
			isa = PBXGroup;
			children = (
				9516BEC9168D8D67EE12987D /* Hoy.app */,
				6E6BCD715C5C58EE2EF2BCA4 /* HoyWatch.app */,
			);
			name = Products;
			sourceTree = "<group>";
		};
		8860F82056E65FB4EDD7CED5 /* Shared */ = {
			isa = PBXGroup;
			children = (
				C839DD53AB05B6AB7BBAA313 /* ContentView.swift */,
			);
			path = Shared;
			sourceTree = "<group>";
		};
		C30D8A47B1B1551520857705 /* HoyWatch */ = {
			isa = PBXGroup;
			children = (
				6AE1A421D83B764237949C68 /* HoyWatchApp.swift */,
				E4C3319456014B2FA99D1122 /* WatchTodayView.swift */,
			);
			path = HoyWatch;
			sourceTree = "<group>";
		};
		E12E9CFDDB037C46F048B75D = {
			isa = PBXGroup;
			children = (
				EE23BAFB09A4E034E5AA8319 /* Hoy */,
				C30D8A47B1B1551520857705 /* HoyWatch */,
				8860F82056E65FB4EDD7CED5 /* Shared */,
				5B126E461C1C201ECB318432 /* Products */,
			);
			sourceTree = "<group>";
		};
		EE23BAFB09A4E034E5AA8319 /* Hoy */ = {
			isa = PBXGroup;
			children = (
				17C0F9A0B4EF7F1111507DB7 /* HoyApp.swift */,
				C12AEE3A847C474E9AC9D102 /* TodayView.swift */,
			);
			path = Hoy;
			sourceTree = "<group>";
		};
/* End PBXGroup section */

/* Begin PBXNativeTarget section */
		5DEAE53AE9B4A5EEA0321CF6 /* HoyWatch */ = {
			isa = PBXNativeTarget;
			buildConfigurationList = FA001A564D0DAD708F0970B7 /* Build configuration list for PBXNativeTarget "HoyWatch" */;
			buildPhases = (
				71194FDF3F6B61F3DB3AEDC8 /* Sources */,
			);
			buildRules = (
			);
			dependencies = (
			);
			name = HoyWatch;
			packageProductDependencies = (
			);
			productName = HoyWatch;
			productReference = 6E6BCD715C5C58EE2EF2BCA4 /* HoyWatch.app */;
			productType = "com.apple.product-type.application";
		};
		77086442791E1D126FC0651E /* Hoy */ = {
			isa = PBXNativeTarget;
			buildConfigurationList = E4F98D77F2380C7427260648 /* Build configuration list for PBXNativeTarget "Hoy" */;
			buildPhases = (
				BE6194C3B121839C98E32384 /* Sources */,
				DB00078AAF07D3F512408707 /* Embed Watch Content */,
			);
			buildRules = (
			);
			dependencies = (
				1E9568342D5798663741BF03 /* PBXTargetDependency */,
			);
			name = Hoy;
			packageProductDependencies = (
			);
			productName = Hoy;
			productReference = 9516BEC9168D8D67EE12987D /* Hoy.app */;
			productType = "com.apple.product-type.application";
		};
/* End PBXNativeTarget section */

/* Begin PBXProject section */
		55D10CFBE2E4EF1D33C4D5E5 /* Project object */ = {
			isa = PBXProject;
			attributes = {
				BuildIndependentTargetsInParallel = YES;
				LastUpgradeCheck = 1430;
				TargetAttributes = {
					5DEAE53AE9B4A5EEA0321CF6 = {
						ProvisioningStyle = Automatic;
					};
					77086442791E1D126FC0651E = {
						ProvisioningStyle = Automatic;
					};
				};
			};
			buildConfigurationList = 8AD7DF2ACE381C644C71A002 /* Build configuration list for PBXProject "Hoy" */;
			compatibilityVersion = "Xcode 14.0";
			developmentRegion = en;
			hasScannedForEncodings = 0;
			knownRegions = (
				Base,
				en,
			);
			mainGroup = E12E9CFDDB037C46F048B75D;
			minimizedProjectReferenceProxies = 1;
			preferredProjectObjectVersion = 77;
			projectDirPath = "";
			projectRoot = "";
			targets = (
				77086442791E1D126FC0651E /* Hoy */,
				5DEAE53AE9B4A5EEA0321CF6 /* HoyWatch */,
			);
		};
/* End PBXProject section */

/* Begin PBXSourcesBuildPhase section */
		71194FDF3F6B61F3DB3AEDC8 /* Sources */ = {
			isa = PBXSourcesBuildPhase;
			buildActionMask = 2147483647;
			files = (
				B84BB78ADFD3BAFCA8DF66F6 /* ContentView.swift in Sources */,
				9F68F119C61BD6AB6A62570E /* HoyWatchApp.swift in Sources */,
				E11D2F40AD9048A9B920B877 /* WatchTodayView.swift in Sources */,
			);
			runOnlyForDeploymentPostprocessing = 0;
		};
		BE6194C3B121839C98E32384 /* Sources */ = {
			isa = PBXSourcesBuildPhase;
			buildActionMask = 2147483647;
			files = (
				29B1EB600F91411D290F568C /* ContentView.swift in Sources */,
				2F5B3BD62EF41BAB43099B36 /* HoyApp.swift in Sources */,
				D17A1E13076A4DC79438F001 /* TodayView.swift in Sources */,
			);
			runOnlyForDeploymentPostprocessing = 0;
		};
/* End PBXSourcesBuildPhase section */

/* Begin PBXTargetDependency section */
		1E9568342D5798663741BF03 /* PBXTargetDependency */ = {
			isa = PBXTargetDependency;
			target = 5DEAE53AE9B4A5EEA0321CF6 /* HoyWatch */;
			targetProxy = 724811EF675FCA4260CF6E5B /* PBXContainerItemProxy */;
		};
/* End PBXTargetDependency section */

/* Begin XCBuildConfiguration section */
		2F8B4F412FD0A251FEB08F9E /* Debug */ = {
			isa = XCBuildConfiguration;
			buildSettings = {
				GENERATE_INFOPLIST_FILE = YES;
				INFOPLIST_KEY_CFBundleDisplayName = Hoy;
				INFOPLIST_KEY_WKApplication = YES;
				INFOPLIST_KEY_WKCompanionAppBundleIdentifier = com.example.hoy;
				INFOPLIST_KEY_WKRunsIndependentlyOfCompanionApp = YES;
				PRODUCT_BUNDLE_IDENTIFIER = com.example.hoy.watchkitapp;
				SDKROOT = watchos;
				SKIP_INSTALL = YES;
				SUPPORTED_PLATFORMS = "watchos watchsimulator";
				TARGETED_DEVICE_FAMILY = 4;
			};
			name = Debug;
		};
		321C68DA02446707FAE9D2E0 /* Debug */ = {
			isa = XCBuildConfiguration;
			buildSettings = {
				CLANG_ENABLE_MODULES = YES;
				CODE_SIGN_STYLE = Automatic;
				CURRENT_PROJECT_VERSION = 1;
				DEBUG_INFORMATION_FORMAT = dwarf;
				ENABLE_TESTABILITY = YES;
				ENABLE_USER_SCRIPT_SANDBOXING = YES;
				GCC_OPTIMIZATION_LEVEL = 0;
				IPHONEOS_DEPLOYMENT_TARGET = 27.0;
				MARKETING_VERSION = 1.0;
				ONLY_ACTIVE_ARCH = YES;
				PRODUCT_NAME = "$(TARGET_NAME)";
				SWIFT_ACTIVE_COMPILATION_CONDITIONS = DEBUG;
				SWIFT_OPTIMIZATION_LEVEL = "-Onone";
				SWIFT_VERSION = 6.0;
				WATCHOS_DEPLOYMENT_TARGET = 27.0;
			};
			name = Debug;
		};
		3BBE9512F7F7AE749DB580FB /* Release */ = {
			isa = XCBuildConfiguration;
			buildSettings = {
				GENERATE_INFOPLIST_FILE = YES;
				INFOPLIST_KEY_CFBundleDisplayName = Hoy;
				INFOPLIST_KEY_WKApplication = YES;
				INFOPLIST_KEY_WKCompanionAppBundleIdentifier = com.example.hoy;
				INFOPLIST_KEY_WKRunsIndependentlyOfCompanionApp = YES;
				PRODUCT_BUNDLE_IDENTIFIER = com.example.hoy.watchkitapp;
				SDKROOT = watchos;
				SKIP_INSTALL = YES;
				SUPPORTED_PLATFORMS = "watchos watchsimulator";
				TARGETED_DEVICE_FAMILY = 4;
			};
			name = Release;
		};
		458A767F8A1BC49F77FA92CE /* Release */ = {
			isa = XCBuildConfiguration;
			buildSettings = {
				CLANG_ENABLE_MODULES = YES;
				CODE_SIGN_STYLE = Automatic;
				CURRENT_PROJECT_VERSION = 1;
				DEBUG_INFORMATION_FORMAT = "dwarf-with-dsym";
				ENABLE_USER_SCRIPT_SANDBOXING = YES;
				IPHONEOS_DEPLOYMENT_TARGET = 27.0;
				MARKETING_VERSION = 1.0;
				PRODUCT_NAME = "$(TARGET_NAME)";
				SWIFT_COMPILATION_MODE = wholemodule;
				SWIFT_OPTIMIZATION_LEVEL = "-O";
				SWIFT_VERSION = 6.0;
				WATCHOS_DEPLOYMENT_TARGET = 27.0;
			};
			name = Release;
		};
		53DF1E0A2A195AD015CF8C74 /* Debug */ = {
			isa = XCBuildConfiguration;
			buildSettings = {
				GENERATE_INFOPLIST_FILE = YES;
				INFOPLIST_KEY_CFBundleDisplayName = Hoy;
				INFOPLIST_KEY_UIApplicationSceneManifest_Generation = YES;
				INFOPLIST_KEY_UILaunchScreen_Generation = YES;
				INFOPLIST_KEY_UISupportedInterfaceOrientations_iPad = "UIInterfaceOrientationPortrait UIInterfaceOrientationPortraitUpsideDown UIInterfaceOrientationLandscapeLeft UIInterfaceOrientationLandscapeRight";
				INFOPLIST_KEY_UISupportedInterfaceOrientations_iPhone = "UIInterfaceOrientationPortrait UIInterfaceOrientationLandscapeLeft UIInterfaceOrientationLandscapeRight";
				PRODUCT_BUNDLE_IDENTIFIER = com.example.hoy;
				SDKROOT = iphoneos;
				SUPPORTED_PLATFORMS = "iphoneos iphonesimulator";
				SUPPORTS_MACCATALYST = NO;
				SUPPORTS_MAC_DESIGNED_FOR_IPHONE_IPAD = NO;
				TARGETED_DEVICE_FAMILY = "1,2";
			};
			name = Debug;
		};
		DD26552E43AEB98F374BF567 /* Release */ = {
			isa = XCBuildConfiguration;
			buildSettings = {
				GENERATE_INFOPLIST_FILE = YES;
				INFOPLIST_KEY_CFBundleDisplayName = Hoy;
				INFOPLIST_KEY_UIApplicationSceneManifest_Generation = YES;
				INFOPLIST_KEY_UILaunchScreen_Generation = YES;
				INFOPLIST_KEY_UISupportedInterfaceOrientations_iPad = "UIInterfaceOrientationPortrait UIInterfaceOrientationPortraitUpsideDown UIInterfaceOrientationLandscapeLeft UIInterfaceOrientationLandscapeRight";
				INFOPLIST_KEY_UISupportedInterfaceOrientations_iPhone = "UIInterfaceOrientationPortrait UIInterfaceOrientationLandscapeLeft UIInterfaceOrientationLandscapeRight";
				PRODUCT_BUNDLE_IDENTIFIER = com.example.hoy;
				SDKROOT = iphoneos;
				SUPPORTED_PLATFORMS = "iphoneos iphonesimulator";
				SUPPORTS_MACCATALYST = NO;
				SUPPORTS_MAC_DESIGNED_FOR_IPHONE_IPAD = NO;
				TARGETED_DEVICE_FAMILY = "1,2";
			};
			name = Release;
		};
/* End XCBuildConfiguration section */

/* Begin XCConfigurationList section */
		8AD7DF2ACE381C644C71A002 /* Build configuration list for PBXProject "Hoy" */ = {
			isa = XCConfigurationList;
			buildConfigurations = (
				321C68DA02446707FAE9D2E0 /* Debug */,
				458A767F8A1BC49F77FA92CE /* Release */,
			);
			defaultConfigurationIsVisible = 0;
			defaultConfigurationName = Debug;
		};
		E4F98D77F2380C7427260648 /* Build configuration list for PBXNativeTarget "Hoy" */ = {
			isa = XCConfigurationList;
			buildConfigurations = (
				53DF1E0A2A195AD015CF8C74 /* Debug */,
				DD26552E43AEB98F374BF567 /* Release */,
			);
			defaultConfigurationIsVisible = 0;
			defaultConfigurationName = Debug;
		};
		FA001A564D0DAD708F0970B7 /* Build configuration list for PBXNativeTarget "HoyWatch" */ = {
			isa = XCConfigurationList;
			buildConfigurations = (
				2F8B4F412FD0A251FEB08F9E /* Debug */,
				3BBE9512F7F7AE749DB580FB /* Release */,
			);
			defaultConfigurationIsVisible = 0;
			defaultConfigurationName = Debug;
		};
/* End XCConfigurationList section */
	};
	rootObject = 55D10CFBE2E4EF1D33C4D5E5 /* Project object */;
}
